
Microsoft Visual Studio Solution File, Format Version 12.00
# Visual Studio 14
VisualStudioVersion = 14.0.23107.0
MinimumVisualStudioVersion = 10.0.40219.1
Project("{FAE04EC0-301F-11D3-BF4B-00C04F79EFBC}") = "startUpForm", "startUpForm\startUpForm.csproj", "{C90CDB8B-FC53-44D9-B1C8-A6772ED138AA}"
EndProject
Project("{2150E333-8FDC-42A3-9474-1A3956D46DE8}") = "Solution Items", "Solution Items", "{A9E2009F-8609-4F24-A74C-2081DA558599}"
EndProject
Global
	GlobalSection(SolutionConfigurationPlatforms) = preSolution
		Debug|Any CPU = Debug|Any CPU
		Release|Any CPU = Release|Any CPU
	EndGlobalSection
	GlobalSection(ProjectConfigurationPlatforms) = postSolution
		{C90CDB8B-FC53-44D9-B1C8-A6772ED138AA}.Debug|Any CPU.ActiveCfg = Debug|Any CPU
		{C90CDB8B-FC53-44D9-B1C8-A6772ED138AA}.Debug|Any CPU.Build.0 = Debug|Any CPU
		{C90CDB8B-FC53-44D9-B1C8-A6772ED138AA}.Release|Any CPU.ActiveCfg = Release|Any CPU
		{C90CDB8B-FC53-44D9-B1C8-A6772ED138AA}.Release|Any CPU.Build.0 = Release|Any CPU
	EndGlobalSection
	GlobalSection(SolutionProperties) = preSolution
		HideSolutionNode = FALSE
	EndGlobalSection
EndGlobal
